
Microsoft Visual Studio Solution File, Format Version 12.00
# Visual Studio 15
VisualStudioVersion = 15.0.28307.271
MinimumVisualStudioVersion = 10.0.40219.1
Project("{8BC9CEB8-8B4A-11D0-8D11-00A0C91BC942}") = "1stSDLWindow", "1stSDLWindow\1stSDLWindow.vcxproj", "{CD13A330-7F14-47D4-AD22-4AC32155BE3A}"
EndProject
Global
	GlobalSection(SolutionConfigurationPlatforms) = preSolution
		Debug|x64 = Debug|x64
		Debug|x86 = Debug|x86
		Release|x64 = Release|x64
		Release|x86 = Release|x86
	EndGlobalSection
	GlobalSection(ProjectConfigurationPlatforms) = postSolution
		{CD13A330-7F14-47D4-AD22-4AC32155BE3A}.Debug|x64.ActiveCfg = Debug|x64
		{CD13A330-7F14-47D4-AD22-4AC32155BE3A}.Debug|x64.Build.0 = Debug|x64
		{CD13A330-7F14-47D4-AD22-4AC32155BE3A}.Debug|x86.ActiveCfg = Debug|Win32
		{CD13A330-7F14-47D4-AD22-4AC32155BE3A}.Debug|x86.Build.0 = Debug|Win32
		{CD13A330-7F14-47D4-AD22-4AC32155BE3A}.Release|x64.ActiveCfg = Release|x64
		{CD13A330-7F14-47D4-AD22-4AC32155BE3A}.Release|x64.Build.0 = Release|x64
		{CD13A330-7F14-47D4-AD22-4AC32155BE3A}.Release|x86.ActiveCfg = Release|Win32
		{CD13A330-7F14-47D4-AD22-4AC32155BE3A}.Release|x86.Build.0 = Release|Win32
	EndGlobalSection
	GlobalSection(SolutionProperties) = preSolution
		HideSolutionNode = FALSE
	EndGlobalSection
	GlobalSection(ExtensibilityGlobals) = postSolution
		SolutionGuid = {D46AAA09-A60C-40A3-A77A-695F4C2051E4}
	EndGlobalSection
EndGlobal
